
Microsoft Visual Studio Solution File, Format Version 12.00
# Visual Studio Version 17
VisualStudioVersion = 17.13.35931.197 d17.13
MinimumVisualStudioVersion = 10.0.40219.1
Project("{C9674DCB-5085-4A16-B785-4C70DD1589BD}") = "Integration Services Project - LIA - Makroekonomi", "Integration Services Project - LIA - Makroekonomi.dtproj", "{5934CFDB-5D01-2B0A-1563-2426D584190C}"
EndProject
Global
	GlobalSection(SolutionConfigurationPlatforms) = preSolution
		Development|Default = Development|Default
	EndGlobalSection
	GlobalSection(ProjectConfigurationPlatforms) = postSolution
		{5934CFDB-5D01-2B0A-1563-2426D584190C}.Development|Default.ActiveCfg = Development
		{5934CFDB-5D01-2B0A-1563-2426D584190C}.Development|Default.Build.0 = Development
	EndGlobalSection
	GlobalSection(SolutionProperties) = preSolution
		HideSolutionNode = FALSE
	EndGlobalSection
	GlobalSection(ExtensibilityGlobals) = postSolution
		SolutionGuid = {8791BA98-7E87-46E9-889C-6B03C98BD219}
	EndGlobalSection
EndGlobal
